<?xml version="1.0" encoding="utf-8"?>
<Project ToolsVersion="4.0" xmlns="http://schemas.microsoft.com/developer/msbuild/2003">
  <ItemGroup>
    <Filter Include="Source Files">
      <UniqueIdentifier>{4FC737F1-C7A5-4376-A066-2A32D752A2FF}</UniqueIdentifier>
      <Extensions>cpp;c;cc;cxx;def;odl;idl;hpj;bat;asm;asmx</Extensions>
    </Filter>
    <Filter Include="Header Files">
      <UniqueIdentifier>{93995380-89BD-4b04-88EB-625FBE52EBFB}</UniqueIdentifier>
      <Extensions>h;hpp;hxx;hm;inl;inc;xsd</Extensions>
    </Filter>
    <Filter Include="Resource Files">
      <UniqueIdentifier>{67DA6AB6-F800-4c08-8B7A-83BB121AAD01}</UniqueIdentifier>
      <Extensions>rc;ico;cur;bmp;dlg;rc2;rct;bin;rgs;gif;jpg;jpeg;jpe;resx;tiff;tif;png;wav</Extensions>
    </Filter>
    <Filter Include="Source Files\utility Tests">
      <UniqueIdentifier>{d232e52d-4d01-4586-8828-ff693967580b}</UniqueIdentifier>
    </Filter>
    <Filter Include="Source Files\view Tests">
      <UniqueIdentifier>{3aab0fa1-c5f0-49be-be02-93bc4ff12379}</UniqueIdentifier>
    </Filter>
    <Filter Include="Source Files\sound Tests">
      <UniqueIdentifier>{f4fd89fc-b1bd-4aa0-8561-50af2b3976cf}</UniqueIdentifier>
    </Filter>
    <Filter Include="Source Files\input Tests">
      <UniqueIdentifier>{d8f0bb57-7654-4ecb-8e86-168e28258fe9}</UniqueIdentifier>
    </Filter>
    <Filter Include="Source Files\model Tests">
      <UniqueIdentifier>{69518470-33cd-41ca-acd5-9144702ccd8d}</UniqueIdentifier>
    </Filter>
  </ItemGroup>
  <ItemGroup>
    <ClCompile Include="src\main.cpp">
      <Filter>Source Files</Filter>
    </ClCompile>
    <ClCompile Include="..\utility\src\assert\assert.t.cpp">
      <Filter>Source Files\utility Tests</Filter>
    </ClCompile>
    <ClCompile Include="..\utility\src\log file\log file.t.cpp">
      <Filter>Source Files\utility Tests</Filter>
    </ClCompile>
    <ClCompile Include="..\utility\src\settings file\settings file.t.cpp">
      <Filter>Source Files\utility Tests</Filter>
    </ClCompile>
    <ClCompile Include="..\input\src\direct input input device\direct input input device.t.cpp">
      <Filter>Source Files\input Tests</Filter>
    </ClCompile>
    <ClCompile Include="..\utility\src\text box\text box.t.cpp">
      <Filter>Source Files\utility Tests</Filter>
    </ClCompile>
    <ClCompile Include="..\utility\src\exceptions\exceptions.t.cpp">
      <Filter>Source Files\utility Tests</Filter>
    </ClCompile>
    <ClCompile Include="..\view\src\renderer\renderer.t.cpp">
      <Filter>Source Files\view Tests</Filter>
    </ClCompile>
    <ClCompile Include="..\utility\src\timer\timer.t.cpp">
      <Filter>Source Files\utility Tests</Filter>
    </ClCompile>
    <ClCompile Include="..\view\src\d3d wrapper\d3d wrapper.t.cpp">
      <Filter>Source Files\view Tests</Filter>
    </ClCompile>
    <ClCompile Include="..\view\src\window\window.t.cpp">
      <Filter>Source Files\view Tests</Filter>
    </ClCompile>
    <ClCompile Include="..\view\src\win32 wrapper\win32 wrapper.t.cpp">
      <Filter>Source Files\view Tests</Filter>
    </ClCompile>
    <ClCompile Include="..\view\src\win32 error\win32 error.t.cpp">
      <Filter>Source Files\view Tests</Filter>
    </ClCompile>
    <ClCompile Include="..\view\src\basic win32 window\basic win32 window.t.cpp">
      <Filter>Source Files\view Tests</Filter>
    </ClCompile>
    <ClCompile Include="..\view\src\basic d3d renderer\basic d3d renderer.t.cpp">
      <Filter>Source Files\view Tests</Filter>
    </ClCompile>
    <ClCompile Include="..\input\src\input device\input device.t.cpp">
      <Filter>Source Files\input Tests</Filter>
    </ClCompile>
    <ClCompile Include="..\input\src\dinput wrapper\dinput wrapper.t.cpp">
      <Filter>Source Files\input Tests</Filter>
    </ClCompile>
    <ClCompile Include="..\utility\src\sound effect\sound effect.t.cpp">
      <Filter>Source Files\utility Tests</Filter>
    </ClCompile>
    <ClCompile Include="..\sound\src\sound engine\sound engine.t.cpp">
      <Filter>Source Files\sound Tests</Filter>
    </ClCompile>
    <ClCompile Include="..\sound\src\xaudio2 sound engine\xaudio2 sound engine.t.cpp">
      <Filter>Source Files\sound Tests</Filter>
    </ClCompile>
    <ClCompile Include="..\utility\src\file operations\file operations.t.cpp">
      <Filter>Source Files\utility Tests</Filter>
    </ClCompile>
    <ClCompile Include="..\sound\src\sound sample\sound sample.t.cpp">
      <Filter>Source Files\sound Tests</Filter>
    </ClCompile>
    <ClCompile Include="..\view\src\image\image.t.cpp">
      <Filter>Source Files\view Tests</Filter>
    </ClCompile>
    <ClCompile Include="..\sound\src\load wav file\load wav file.t.cpp">
      <Filter>Source Files\sound Tests</Filter>
    </ClCompile>
    <ClCompile Include="..\sound\src\xaudio2 wrapper\xaudio2 wrapper.t.cpp">
      <Filter>Source Files\sound Tests</Filter>
    </ClCompile>
    <ClCompile Include="..\model\src\agent\agent.t.cpp">
      <Filter>Source Files\model Tests</Filter>
    </ClCompile>
    <ClCompile Include="..\model\src\action\action.t.cpp">
      <Filter>Source Files\model Tests</Filter>
    </ClCompile>
    <ClCompile Include="..\model\src\reaction\reaction.t.cpp">
      <Filter>Source Files\model Tests</Filter>
    </ClCompile>
    <ClCompile Include="..\utility\src\input events\input events.t.cpp">
      <Filter>Source Files\utility Tests</Filter>
    </ClCompile>
    <ClCompile Include="..\model\src\scene\scene.t.cpp">
      <Filter>Source Files\model Tests</Filter>
    </ClCompile>
    <ClCompile Include="..\model\src\basic scene\basic scene.t.cpp">
      <Filter>Source Files\model Tests</Filter>
    </ClCompile>
    <ClCompile Include="..\utility\src\render primitive\render primitive.t.cpp">
      <Filter>Source Files\utility Tests</Filter>
    </ClCompile>
    <ClCompile Include="..\utility\src\graphic\graphic.t.cpp">
      <Filter>Source Files\utility Tests</Filter>
    </ClCompile>
    <ClCompile Include="..\utility\src\quad\quad.t.cpp">
      <Filter>Source Files\utility Tests</Filter>
    </ClCompile>
    <ClCompile Include="..\utility\src\textured quad\textured quad.t.cpp">
      <Filter>Source Files\utility Tests</Filter>
    </ClCompile>
    <ClCompile Include="..\view\src\d3d\d3d display profile\d3d display profile.t.cpp">
      <Filter>Source Files\view Tests</Filter>
    </ClCompile>
    <ClCompile Include="..\view\src\d3d\d3d error\d3d error.t.cpp">
      <Filter>Source Files\view Tests</Filter>
    </ClCompile>
    <ClCompile Include="..\view\src\d3d\wrapper functions\wrapper functions.t.cpp">
      <Filter>Source Files\view Tests</Filter>
    </ClCompile>
    <ClCompile Include="..\view\src\d3d\draw primitives task\draw primitives task.t.cpp">
      <Filter>Source Files\view Tests</Filter>
    </ClCompile>
    <ClCompile Include="..\view\src\d3d\graphic batch\graphic batch.t.cpp">
      <Filter>Source Files\view Tests</Filter>
    </ClCompile>
    <ClCompile Include="..\view\src\d3d\render task\render task.t.cpp">
      <Filter>Source Files\view Tests</Filter>
    </ClCompile>
    <ClCompile Include="..\view\src\d3d\set colored rendering task\set colored rendering task.t.cpp">
      <Filter>Source Files\view Tests</Filter>
    </ClCompile>
    <ClCompile Include="..\view\src\d3d\set index buffer task\set index buffer task.t.cpp">
      <Filter>Source Files\view Tests</Filter>
    </ClCompile>
    <ClCompile Include="..\view\src\d3d\set opaque rendering task\set opaque rendering task.t.cpp">
      <Filter>Source Files\view Tests</Filter>
    </ClCompile>
    <ClCompile Include="..\view\src\d3d\set texture task\set texture task.t.cpp">
      <Filter>Source Files\view Tests</Filter>
    </ClCompile>
    <ClCompile Include="..\view\src\d3d\set textured rendering task\set textured rendering task.t.cpp">
      <Filter>Source Files\view Tests</Filter>
    </ClCompile>
    <ClCompile Include="..\view\src\d3d\set translucent rendering task\set translucent rendering task.t.cpp">
      <Filter>Source Files\view Tests</Filter>
    </ClCompile>
    <ClCompile Include="..\view\src\d3d\set vertex buffer task\set vertex buffer task.t.cpp">
      <Filter>Source Files\view Tests</Filter>
    </ClCompile>
    <ClCompile Include="..\view\src\d3d\render context\render context.t.cpp">
      <Filter>Source Files\view Tests</Filter>
    </ClCompile>
    <ClCompile Include="..\view\src\d3d\texture context\texture context.t.cpp">
      <Filter>Source Files\view Tests</Filter>
    </ClCompile>
    <ClCompile Include="..\view\src\d3d\draw primitives task list\draw primitives task list.t.cpp">
      <Filter>Source Files\view Tests</Filter>
    </ClCompile>
    <ClCompile Include="..\view\src\d3d\render state\render state.t.cpp">
      <Filter>Source Files\view Tests</Filter>
    </ClCompile>
    <ClCompile Include="..\view\src\d3d\render task sequence\render task sequence.t.cpp">
      <Filter>Source Files\view Tests</Filter>
    </ClCompile>
    <ClCompile Include="..\utility\src\vector\vector.t.cpp">
      <Filter>Source Files\utility Tests</Filter>
    </ClCompile>
    <ClCompile Include="..\model\src\animated sprite\animated sprite.t.cpp">
      <Filter>Source Files\model Tests</Filter>
    </ClCompile>
    <ClCompile Include="..\model\src\static sprite\static sprite.t.cpp">
      <Filter>Source Files\model Tests</Filter>
    </ClCompile>
    <ClCompile Include="..\model\src\end scene listener\end scene listener.t.cpp">
      <Filter>Source Files\model Tests</Filter>
    </ClCompile>
    <ClCompile Include="..\model\src\sprite\sprite.t.cpp">
      <Filter>Source Files\model Tests</Filter>
    </ClCompile>
    <ClCompile Include="..\utility\src\polymorphic queue\polymorphic queue.t.cpp">
      <Filter>Source Files\utility Tests</Filter>
    </ClCompile>
  </ItemGroup>
</Project>